
Microsoft Visual Studio Solution File, Format Version 12.00
# Visual Studio Version 17
VisualStudioVersion = 17.11.35327.3
MinimumVisualStudioVersion = 10.0.40219.1
Project("{FAE04EC0-301F-11D3-BF4B-00C04F79EFBC}") = "FetchFlow.Web.Api", "FetchFlow.Web.Api\FetchFlow.Web.Api.csproj", "{B9444029-BD0E-447B-B1E9-986CC8930615}"
EndProject
Project("{FAE04EC0-301F-11D3-BF4B-00C04F79EFBC}") = "FetchFlow.Database.Service", "FetchFlow.Database.Service\FetchFlow.Database.Service.csproj", "{4C7EDB15-C162-49AA-9DE8-CC702A84E9D2}"
EndProject
Project("{FAE04EC0-301F-11D3-BF4B-00C04F79EFBC}") = "FetchFlow.Worker.Service", "FetchFlow.Worker.Service\FetchFlow.Worker.Service.csproj", "{7F6A2481-7D32-45FB-BD84-71F174E48651}"
EndProject
Global
	GlobalSection(SolutionConfigurationPlatforms) = preSolution
		Debug|Any CPU = Debug|Any CPU
		Release|Any CPU = Release|Any CPU
	EndGlobalSection
	GlobalSection(ProjectConfigurationPlatforms) = postSolution
		{B9444029-BD0E-447B-B1E9-986CC8930615}.Debug|Any CPU.ActiveCfg = Debug|Any CPU
		{B9444029-BD0E-447B-B1E9-986CC8930615}.Debug|Any CPU.Build.0 = Debug|Any CPU
		{B9444029-BD0E-447B-B1E9-986CC8930615}.Release|Any CPU.ActiveCfg = Release|Any CPU
		{B9444029-BD0E-447B-B1E9-986CC8930615}.Release|Any CPU.Build.0 = Release|Any CPU
		{4C7EDB15-C162-49AA-9DE8-CC702A84E9D2}.Debug|Any CPU.ActiveCfg = Debug|Any CPU
		{4C7EDB15-C162-49AA-9DE8-CC702A84E9D2}.Debug|Any CPU.Build.0 = Debug|Any CPU
		{4C7EDB15-C162-49AA-9DE8-CC702A84E9D2}.Release|Any CPU.ActiveCfg = Release|Any CPU
		{4C7EDB15-C162-49AA-9DE8-CC702A84E9D2}.Release|Any CPU.Build.0 = Release|Any CPU
		{7F6A2481-7D32-45FB-BD84-71F174E48651}.Debug|Any CPU.ActiveCfg = Debug|Any CPU
		{7F6A2481-7D32-45FB-BD84-71F174E48651}.Debug|Any CPU.Build.0 = Debug|Any CPU
		{7F6A2481-7D32-45FB-BD84-71F174E48651}.Release|Any CPU.ActiveCfg = Release|Any CPU
		{7F6A2481-7D32-45FB-BD84-71F174E48651}.Release|Any CPU.Build.0 = Release|Any CPU
	EndGlobalSection
	GlobalSection(SolutionProperties) = preSolution
		HideSolutionNode = FALSE
	EndGlobalSection
	GlobalSection(ExtensibilityGlobals) = postSolution
		SolutionGuid = {83F91B25-4A28-4BB5-A937-5B05A61D3EA4}
	EndGlobalSection
EndGlobal
